// !$*UTF8*$!
{
	archiveVersion = 1;
	classes = {
	};
	objectVersion = 56;
	objects = {

/* Begin PBXBuildFile section */
		0849EE262ABDFEB700893EA0 /* VTabView in Frameworks */ = {isa = PBXBuildFile; productRef = 0849EE252ABDFEB700893EA0 /* VTabView */; };
		0886F7652A9078AF00D7E82C /* ContentView.swift in Sources */ = {isa = PBXBuildFile; fileRef = 08DCEF4F2A906D6600160E4E /* ContentView.swift */; };
		0886F7692A907A3C00D7E82C /* CurrentTopicsView.swift in Sources */ = {isa = PBXBuildFile; fileRef = 0886F7682A907A3C00D7E82C /* CurrentTopicsView.swift */; };
		0886F7702A907AA000D7E82C /* FlashCard.swift in Sources */ = {isa = PBXBuildFile; fileRef = 0886F76F2A907AA000D7E82C /* FlashCard.swift */; };
		0886F7742A907AF400D7E82C /* FlashCardView.swift in Sources */ = {isa = PBXBuildFile; fileRef = 0886F7732A907AF400D7E82C /* FlashCardView.swift */; };
		0886F7792A907BC700D7E82C /* Topic.swift in Sources */ = {isa = PBXBuildFile; fileRef = 0886F7782A907BC600D7E82C /* Topic.swift */; };
		0886F77B2A907BDE00D7E82C /* TopicItem.swift in Sources */ = {isa = PBXBuildFile; fileRef = 0886F77A2A907BDE00D7E82C /* TopicItem.swift */; };
		0886F77D2A907C0300D7E82C /* TopicManager.swift in Sources */ = {isa = PBXBuildFile; fileRef = 0886F77C2A907C0300D7E82C /* TopicManager.swift */; };
		08DCEF4E2A906D6600160E4E /* FlashForwardApp.swift in Sources */ = {isa = PBXBuildFile; fileRef = 08DCEF4D2A906D6600160E4E /* FlashForwardApp.swift */; };
		08DCEF522A906D6900160E4E /* Assets.xcassets in Resources */ = {isa = PBXBuildFile; fileRef = 08DCEF512A906D6900160E4E /* Assets.xcassets */; };
		08DCEF552A906D6900160E4E /* Preview Assets.xcassets in Resources */ = {isa = PBXBuildFile; fileRef = 08DCEF542A906D6900160E4E /* Preview Assets.xcassets */; };
		08E036F52ACE3310001D1F59 /* Store.swift in Sources */ = {isa = PBXBuildFile; fileRef = 08E036F42ACE3310001D1F59 /* Store.swift */; };
		08F57C3B2AC0EF3C00926229 /* Data.swift in Sources */ = {isa = PBXBuildFile; fileRef = 08F57C3A2AC0EF3B00926229 /* Data.swift */; };
/* End PBXBuildFile section */

/* Begin PBXFileReference section */
		0886F7682A907A3C00D7E82C /* CurrentTopicsView.swift */ = {isa = PBXFileReference; lastKnownFileType = sourcecode.swift; path = CurrentTopicsView.swift; sourceTree = "<group>"; };
		0886F76F2A907AA000D7E82C /* FlashCard.swift */ = {isa = PBXFileReference; lastKnownFileType = sourcecode.swift; path = FlashCard.swift; sourceTree = "<group>"; };
		0886F7732A907AF400D7E82C /* FlashCardView.swift */ = {isa = PBXFileReference; lastKnownFileType = sourcecode.swift; path = FlashCardView.swift; sourceTree = "<group>"; };
		0886F7782A907BC600D7E82C /* Topic.swift */ = {isa = PBXFileReference; lastKnownFileType = sourcecode.swift; path = Topic.swift; sourceTree = "<group>"; };
		0886F77A2A907BDE00D7E82C /* TopicItem.swift */ = {isa = PBXFileReference; lastKnownFileType = sourcecode.swift; path = TopicItem.swift; sourceTree = "<group>"; };
		0886F77C2A907C0300D7E82C /* TopicManager.swift */ = {isa = PBXFileReference; lastKnownFileType = sourcecode.swift; path = TopicManager.swift; sourceTree = "<group>"; };
		08DCEF4A2A906D6600160E4E /* FlashForward.app */ = {isa = PBXFileReference; explicitFileType = wrapper.application; includeInIndex = 0; path = FlashForward.app; sourceTree = BUILT_PRODUCTS_DIR; };
		08DCEF4D2A906D6600160E4E /* FlashForwardApp.swift */ = {isa = PBXFileReference; lastKnownFileType = sourcecode.swift; path = FlashForwardApp.swift; sourceTree = "<group>"; };
		08DCEF4F2A906D6600160E4E /* ContentView.swift */ = {isa = PBXFileReference; lastKnownFileType = sourcecode.swift; path = ContentView.swift; sourceTree = "<group>"; };
		08DCEF512A906D6900160E4E /* Assets.xcassets */ = {isa = PBXFileReference; lastKnownFileType = folder.assetcatalog; path = Assets.xcassets; sourceTree = "<group>"; };
		08DCEF542A906D6900160E4E /* Preview Assets.xcassets */ = {isa = PBXFileReference; lastKnownFileType = folder.assetcatalog; path = "Preview Assets.xcassets"; sourceTree = "<group>"; };
		08E036F42ACE3310001D1F59 /* Store.swift */ = {isa = PBXFileReference; lastKnownFileType = sourcecode.swift; path = Store.swift; sourceTree = "<group>"; };
		08F57C3A2AC0EF3B00926229 /* Data.swift */ = {isa = PBXFileReference; lastKnownFileType = sourcecode.swift; path = Data.swift; sourceTree = "<group>"; };
/* End PBXFileReference section */

/* Begin PBXFrameworksBuildPhase section */
		08DCEF472A906D6600160E4E /* Frameworks */ = {
			isa = PBXFrameworksBuildPhase;
			buildActionMask = 2147483647;
			files = (
				0849EE262ABDFEB700893EA0 /* VTabView in Frameworks */,
			);
			runOnlyForDeploymentPostprocessing = 0;
		};
/* End PBXFrameworksBuildPhase section */

/* Begin PBXGroup section */
		0846B23A2ACDAD3B00DD012E /* Licenses and Attributions */ = {
			isa = PBXGroup;
			children = (
			);
			path = "Licenses and Attributions";
			sourceTree = "<group>";
		};
		0886F7672A907A1400D7E82C /* Views */ = {
			isa = PBXGroup;
			children = (
				0886F76A2A907A4600D7E82C /* Components */,
				08DCEF4F2A906D6600160E4E /* ContentView.swift */,
				0886F7682A907A3C00D7E82C /* CurrentTopicsView.swift */,
				0886F7732A907AF400D7E82C /* FlashCardView.swift */,
			);
			path = Views;
			sourceTree = "<group>";
		};
		0886F76A2A907A4600D7E82C /* Components */ = {
			isa = PBXGroup;
			children = (
				0886F76F2A907AA000D7E82C /* FlashCard.swift */,
			);
			path = Components;
			sourceTree = "<group>";
		};
		0886F7772A907BB700D7E82C /* Models */ = {
			isa = PBXGroup;
			children = (
				0886F7782A907BC600D7E82C /* Topic.swift */,
				08F57C3A2AC0EF3B00926229 /* Data.swift */,
				0886F77A2A907BDE00D7E82C /* TopicItem.swift */,
				0886F77C2A907C0300D7E82C /* TopicManager.swift */,
				08E036F42ACE3310001D1F59 /* Store.swift */,
			);
			path = Models;
			sourceTree = "<group>";
		};
		08DCEF412A906D6600160E4E = {
			isa = PBXGroup;
			children = (
				08DCEF4C2A906D6600160E4E /* FlashForward */,
				08DCEF4B2A906D6600160E4E /* Products */,
			);
			sourceTree = "<group>";
		};
		08DCEF4B2A906D6600160E4E /* Products */ = {
			isa = PBXGroup;
			children = (
				08DCEF4A2A906D6600160E4E /* FlashForward.app */,
			);
			name = Products;
			sourceTree = "<group>";
		};
		08DCEF4C2A906D6600160E4E /* FlashForward */ = {
			isa = PBXGroup;
			children = (
				0846B23A2ACDAD3B00DD012E /* Licenses and Attributions */,
				0886F7772A907BB700D7E82C /* Models */,
				0886F7672A907A1400D7E82C /* Views */,
				08DCEF4D2A906D6600160E4E /* FlashForwardApp.swift */,
				08DCEF512A906D6900160E4E /* Assets.xcassets */,
				08DCEF532A906D6900160E4E /* Preview Content */,
			);
			path = FlashForward;
			sourceTree = "<group>";
		};
		08DCEF532A906D6900160E4E /* Preview Content */ = {
			isa = PBXGroup;
			children = (
				08DCEF542A906D6900160E4E /* Preview Assets.xcassets */,
			);
			path = "Preview Content";
			sourceTree = "<group>";
		};
/* End PBXGroup section */

/* Begin PBXNativeTarget section */
		08DCEF492A906D6600160E4E /* FlashForward */ = {
			isa = PBXNativeTarget;
			buildConfigurationList = 08DCEF582A906D6900160E4E /* Build configuration list for PBXNativeTarget "FlashForward" */;
			buildPhases = (
				08DCEF462A906D6600160E4E /* Sources */,
				08DCEF472A906D6600160E4E /* Frameworks */,
				08DCEF482A906D6600160E4E /* Resources */,
			);
			buildRules = (
			);
			dependencies = (
			);
			name = FlashForward;
			packageProductDependencies = (
				0849EE252ABDFEB700893EA0 /* VTabView */,
			);
			productName = FlashForward;
			productReference = 08DCEF4A2A906D6600160E4E /* FlashForward.app */;
			productType = "com.apple.product-type.application";
		};
/* End PBXNativeTarget section */

/* Begin PBXProject section */
		08DCEF422A906D6600160E4E /* Project object */ = {
			isa = PBXProject;
			attributes = {
				BuildIndependentTargetsInParallel = 1;
				LastSwiftUpdateCheck = 1430;
				LastUpgradeCheck = 1500;
				TargetAttributes = {
					08DCEF492A906D6600160E4E = {
						CreatedOnToolsVersion = 14.3.1;
					};
				};
			};
			buildConfigurationList = 08DCEF452A906D6600160E4E /* Build configuration list for PBXProject "FlashForward" */;
			compatibilityVersion = "Xcode 14.0";
			developmentRegion = en;
			hasScannedForEncodings = 0;
			knownRegions = (
				en,
				Base,
			);
			mainGroup = 08DCEF412A906D6600160E4E;
			packageReferences = (
				0849EE242ABDFEB700893EA0 /* XCRemoteSwiftPackageReference "swiftui-vertical-tab-view" */,
			);
			productRefGroup = 08DCEF4B2A906D6600160E4E /* Products */;
			projectDirPath = "";
			projectRoot = "";
			targets = (
				08DCEF492A906D6600160E4E /* FlashForward */,
			);
		};
/* End PBXProject section */

/* Begin PBXResourcesBuildPhase section */
		08DCEF482A906D6600160E4E /* Resources */ = {
			isa = PBXResourcesBuildPhase;
			buildActionMask = 2147483647;
			files = (
				08DCEF552A906D6900160E4E /* Preview Assets.xcassets in Resources */,
				08DCEF522A906D6900160E4E /* Assets.xcassets in Resources */,
			);
			runOnlyForDeploymentPostprocessing = 0;
		};
/* End PBXResourcesBuildPhase section */

/* Begin PBXSourcesBuildPhase section */
		08DCEF462A906D6600160E4E /* Sources */ = {
			isa = PBXSourcesBuildPhase;
			buildActionMask = 2147483647;
			files = (
				0886F7702A907AA000D7E82C /* FlashCard.swift in Sources */,
				08F57C3B2AC0EF3C00926229 /* Data.swift in Sources */,
				0886F77B2A907BDE00D7E82C /* TopicItem.swift in Sources */,
				0886F77D2A907C0300D7E82C /* TopicManager.swift in Sources */,
				0886F7742A907AF400D7E82C /* FlashCardView.swift in Sources */,
				08E036F52ACE3310001D1F59 /* Store.swift in Sources */,
				0886F7652A9078AF00D7E82C /* ContentView.swift in Sources */,
				0886F7792A907BC700D7E82C /* Topic.swift in Sources */,
				08DCEF4E2A906D6600160E4E /* FlashForwardApp.swift in Sources */,
				0886F7692A907A3C00D7E82C /* CurrentTopicsView.swift in Sources */,
			);
			runOnlyForDeploymentPostprocessing = 0;
		};
/* End PBXSourcesBuildPhase section */

/* Begin XCBuildConfiguration section */
		08DCEF562A906D6900160E4E /* Debug */ = {
			isa = XCBuildConfiguration;
			buildSettings = {
				ALWAYS_SEARCH_USER_PATHS = NO;
				CLANG_ANALYZER_NONNULL = YES;
				CLANG_ANALYZER_NUMBER_OBJECT_CONVERSION = YES_AGGRESSIVE;
				CLANG_CXX_LANGUAGE_STANDARD = "gnu++20";
				CLANG_ENABLE_MODULES = YES;
				CLANG_ENABLE_OBJC_ARC = YES;
				CLANG_ENABLE_OBJC_WEAK = YES;
				CLANG_WARN_BLOCK_CAPTURE_AUTORELEASING = YES;
				CLANG_WARN_BOOL_CONVERSION = YES;
				CLANG_WARN_COMMA = YES;
				CLANG_WARN_CONSTANT_CONVERSION = YES;
				CLANG_WARN_DEPRECATED_OBJC_IMPLEMENTATIONS = YES;
				CLANG_WARN_DIRECT_OBJC_ISA_USAGE = YES_ERROR;
				CLANG_WARN_DOCUMENTATION_COMMENTS = YES;
				CLANG_WARN_EMPTY_BODY = YES;
				CLANG_WARN_ENUM_CONVERSION = YES;
				CLANG_WARN_INFINITE_RECURSION = YES;
				CLANG_WARN_INT_CONVERSION = YES;
				CLANG_WARN_NON_LITERAL_NULL_CONVERSION = YES;
				CLANG_WARN_OBJC_IMPLICIT_RETAIN_SELF = YES;
				CLANG_WARN_OBJC_LITERAL_CONVERSION = YES;
				CLANG_WARN_OBJC_ROOT_CLASS = YES_ERROR;
				CLANG_WARN_QUOTED_INCLUDE_IN_FRAMEWORK_HEADER = YES;
				CLANG_WARN_RANGE_LOOP_ANALYSIS = YES;
				CLANG_WARN_STRICT_PROTOTYPES = YES;
				CLANG_WARN_SUSPICIOUS_MOVE = YES;
				CLANG_WARN_UNGUARDED_AVAILABILITY = YES_AGGRESSIVE;
				CLANG_WARN_UNREACHABLE_CODE = YES;
				CLANG_WARN__DUPLICATE_METHOD_MATCH = YES;
				COPY_PHASE_STRIP = NO;
				DEBUG_INFORMATION_FORMAT = dwarf;
				ENABLE_STRICT_OBJC_MSGSEND = YES;
				ENABLE_TESTABILITY = YES;
				ENABLE_USER_SCRIPT_SANDBOXING = YES;
				GCC_C_LANGUAGE_STANDARD = gnu11;
				GCC_DYNAMIC_NO_PIC = NO;
				GCC_NO_COMMON_BLOCKS = YES;
				GCC_OPTIMIZATION_LEVEL = 0;
				GCC_PREPROCESSOR_DEFINITIONS = (
					"DEBUG=1",
					"$(inherited)",
				);
				GCC_WARN_64_TO_32_BIT_CONVERSION = YES;
				GCC_WARN_ABOUT_RETURN_TYPE = YES_ERROR;
				GCC_WARN_UNDECLARED_SELECTOR = YES;
				GCC_WARN_UNINITIALIZED_AUTOS = YES_AGGRESSIVE;
				GCC_WARN_UNUSED_FUNCTION = YES;
				GCC_WARN_UNUSED_VARIABLE = YES;
				IPHONEOS_DEPLOYMENT_TARGET = 16.4;
				MTL_ENABLE_DEBUG_INFO = INCLUDE_SOURCE;
				MTL_FAST_MATH = YES;
				ONLY_ACTIVE_ARCH = YES;
				SDKROOT = iphoneos;
				SWIFT_ACTIVE_COMPILATION_CONDITIONS = DEBUG;
				SWIFT_OPTIMIZATION_LEVEL = "-Onone";
			};
			name = Debug;
		};
		08DCEF572A906D6900160E4E /* Release */ = {
			isa = XCBuildConfiguration;
			buildSettings = {
				ALWAYS_SEARCH_USER_PATHS = NO;
				CLANG_ANALYZER_NONNULL = YES;
				CLANG_ANALYZER_NUMBER_OBJECT_CONVERSION = YES_AGGRESSIVE;
				CLANG_CXX_LANGUAGE_STANDARD = "gnu++20";
				CLANG_ENABLE_MODULES = YES;
				CLANG_ENABLE_OBJC_ARC = YES;
				CLANG_ENABLE_OBJC_WEAK = YES;
				CLANG_WARN_BLOCK_CAPTURE_AUTORELEASING = YES;
				CLANG_WARN_BOOL_CONVERSION = YES;
				CLANG_WARN_COMMA = YES;
				CLANG_WARN_CONSTANT_CONVERSION = YES;
				CLANG_WARN_DEPRECATED_OBJC_IMPLEMENTATIONS = YES;
				CLANG_WARN_DIRECT_OBJC_ISA_USAGE = YES_ERROR;
				CLANG_WARN_DOCUMENTATION_COMMENTS = YES;
				CLANG_WARN_EMPTY_BODY = YES;
				CLANG_WARN_ENUM_CONVERSION = YES;
				CLANG_WARN_INFINITE_RECURSION = YES;
				CLANG_WARN_INT_CONVERSION = YES;
				CLANG_WARN_NON_LITERAL_NULL_CONVERSION = YES;
				CLANG_WARN_OBJC_IMPLICIT_RETAIN_SELF = YES;
				CLANG_WARN_OBJC_LITERAL_CONVERSION = YES;
				CLANG_WARN_OBJC_ROOT_CLASS = YES_ERROR;
				CLANG_WARN_QUOTED_INCLUDE_IN_FRAMEWORK_HEADER = YES;
				CLANG_WARN_RANGE_LOOP_ANALYSIS = YES;
				CLANG_WARN_STRICT_PROTOTYPES = YES;
				CLANG_WARN_SUSPICIOUS_MOVE = YES;
				CLANG_WARN_UNGUARDED_AVAILABILITY = YES_AGGRESSIVE;
				CLANG_WARN_UNREACHABLE_CODE = YES;
				CLANG_WARN__DUPLICATE_METHOD_MATCH = YES;
				COPY_PHASE_STRIP = NO;
				DEBUG_INFORMATION_FORMAT = "dwarf-with-dsym";
				ENABLE_NS_ASSERTIONS = NO;
				ENABLE_STRICT_OBJC_MSGSEND = YES;
				ENABLE_USER_SCRIPT_SANDBOXING = YES;
				GCC_C_LANGUAGE_STANDARD = gnu11;
				GCC_NO_COMMON_BLOCKS = YES;
				GCC_WARN_64_TO_32_BIT_CONVERSION = YES;
				GCC_WARN_ABOUT_RETURN_TYPE = YES_ERROR;
				GCC_WARN_UNDECLARED_SELECTOR = YES;
				GCC_WARN_UNINITIALIZED_AUTOS = YES_AGGRESSIVE;
				GCC_WARN_UNUSED_FUNCTION = YES;
				GCC_WARN_UNUSED_VARIABLE = YES;
				IPHONEOS_DEPLOYMENT_TARGET = 16.4;
				MTL_ENABLE_DEBUG_INFO = NO;
				MTL_FAST_MATH = YES;
				SDKROOT = iphoneos;
				SWIFT_COMPILATION_MODE = wholemodule;
				SWIFT_OPTIMIZATION_LEVEL = "-O";
				VALIDATE_PRODUCT = YES;
			};
			name = Release;
		};
		08DCEF592A906D6900160E4E /* Debug */ = {
			isa = XCBuildConfiguration;
			buildSettings = {
				ASSETCATALOG_COMPILER_APPICON_NAME = AppIcon;
				ASSETCATALOG_COMPILER_GLOBAL_ACCENT_COLOR_NAME = AccentColor;
				CODE_SIGN_STYLE = Automatic;
				CURRENT_PROJECT_VERSION = 1;
				DEVELOPMENT_ASSET_PATHS = "\"FlashForward/Preview Content\"";
				DEVELOPMENT_TEAM = N483G6TVAZ;
				ENABLE_PREVIEWS = YES;
				GENERATE_INFOPLIST_FILE = YES;
				INFOPLIST_KEY_UIApplicationSceneManifest_Generation = YES;
				INFOPLIST_KEY_UIApplicationSupportsIndirectInputEvents = YES;
				INFOPLIST_KEY_UILaunchScreen_Generation = YES;
				INFOPLIST_KEY_UISupportedInterfaceOrientations_iPad = "UIInterfaceOrientationPortrait UIInterfaceOrientationPortraitUpsideDown UIInterfaceOrientationLandscapeLeft UIInterfaceOrientationLandscapeRight";
				INFOPLIST_KEY_UISupportedInterfaceOrientations_iPhone = "UIInterfaceOrientationPortrait UIInterfaceOrientationLandscapeLeft UIInterfaceOrientationLandscapeRight";
				IPHONEOS_DEPLOYMENT_TARGET = 16.4;
				LD_RUNPATH_SEARCH_PATHS = (
					"$(inherited)",
					"@executable_path/Frameworks",
				);
				MARKETING_VERSION = 1.0;
				PRODUCT_BUNDLE_IDENTIFIER = fatimabk.FlashForward;
				PRODUCT_NAME = "$(TARGET_NAME)";
				SWIFT_EMIT_LOC_STRINGS = YES;
				SWIFT_VERSION = 5.0;
				TARGETED_DEVICE_FAMILY = "1,2";
			};
			name = Debug;
		};
		08DCEF5A2A906D6900160E4E /* Release */ = {
			isa = XCBuildConfiguration;
			buildSettings = {
				ASSETCATALOG_COMPILER_APPICON_NAME = AppIcon;
				ASSETCATALOG_COMPILER_GLOBAL_ACCENT_COLOR_NAME = AccentColor;
				CODE_SIGN_STYLE = Automatic;
				CURRENT_PROJECT_VERSION = 1;
				DEVELOPMENT_ASSET_PATHS = "\"FlashForward/Preview Content\"";
				DEVELOPMENT_TEAM = N483G6TVAZ;
				ENABLE_PREVIEWS = YES;
				GENERATE_INFOPLIST_FILE = YES;
				INFOPLIST_KEY_UIApplicationSceneManifest_Generation = YES;
				INFOPLIST_KEY_UIApplicationSupportsIndirectInputEvents = YES;
				INFOPLIST_KEY_UILaunchScreen_Generation = YES;
				INFOPLIST_KEY_UISupportedInterfaceOrientations_iPad = "UIInterfaceOrientationPortrait UIInterfaceOrientationPortraitUpsideDown UIInterfaceOrientationLandscapeLeft UIInterfaceOrientationLandscapeRight";
				INFOPLIST_KEY_UISupportedInterfaceOrientations_iPhone = "UIInterfaceOrientationPortrait UIInterfaceOrientationLandscapeLeft UIInterfaceOrientationLandscapeRight";
				IPHONEOS_DEPLOYMENT_TARGET = 16.4;
				LD_RUNPATH_SEARCH_PATHS = (
					"$(inherited)",
					"@executable_path/Frameworks",
				);
				MARKETING_VERSION = 1.0;
				PRODUCT_BUNDLE_IDENTIFIER = fatimabk.FlashForward;
				PRODUCT_NAME = "$(TARGET_NAME)";
				SWIFT_EMIT_LOC_STRINGS = YES;
				SWIFT_VERSION = 5.0;
				TARGETED_DEVICE_FAMILY = "1,2";
			};
			name = Release;
		};
/* End XCBuildConfiguration section */

/* Begin XCConfigurationList section */
		08DCEF452A906D6600160E4E /* Build configuration list for PBXProject "FlashForward" */ = {
			isa = XCConfigurationList;
			buildConfigurations = (
				08DCEF562A906D6900160E4E /* Debug */,
				08DCEF572A906D6900160E4E /* Release */,
			);
			defaultConfigurationIsVisible = 0;
			defaultConfigurationName = Release;
		};
		08DCEF582A906D6900160E4E /* Build configuration list for PBXNativeTarget "FlashForward" */ = {
			isa = XCConfigurationList;
			buildConfigurations = (
				08DCEF592A906D6900160E4E /* Debug */,
				08DCEF5A2A906D6900160E4E /* Release */,
			);
			defaultConfigurationIsVisible = 0;
			defaultConfigurationName = Release;
		};
/* End XCConfigurationList section */

/* Begin XCRemoteSwiftPackageReference section */
		0849EE242ABDFEB700893EA0 /* XCRemoteSwiftPackageReference "swiftui-vertical-tab-view" */ = {
			isa = XCRemoteSwiftPackageReference;
			repositoryURL = "https://github.com/lorenzofiamingo/swiftui-vertical-tab-view";
			requirement = {
				kind = upToNextMajorVersion;
				minimumVersion = 2.0.0;
			};
		};
/* End XCRemoteSwiftPackageReference section */

/* Begin XCSwiftPackageProductDependency section */
		0849EE252ABDFEB700893EA0 /* VTabView */ = {
			isa = XCSwiftPackageProductDependency;
			package = 0849EE242ABDFEB700893EA0 /* XCRemoteSwiftPackageReference "swiftui-vertical-tab-view" */;
			productName = VTabView;
		};
/* End XCSwiftPackageProductDependency section */
	};
	rootObject = 08DCEF422A906D6600160E4E /* Project object */;
}
